// !$*UTF8*$!
{
	archiveVersion = 1;
	classes = {
	};
	objectVersion = 46;
	objects = {

/* Begin PBXBuildFile section */
		BFE81A4C1B464F680019E457 /* AppDelegate.swift in Sources */ = {isa = PBXBuildFile; fileRef = BFE81A4B1B464F680019E457 /* AppDelegate.swift */; };
		BFE81A4E1B464F680019E457 /* ViewController.swift in Sources */ = {isa = PBXBuildFile; fileRef = BFE81A4D1B464F680019E457 /* ViewController.swift */; };
		BFE81A511B464F680019E457 /* Main.storyboard in Resources */ = {isa = PBXBuildFile; fileRef = BFE81A4F1B464F680019E457 /* Main.storyboard */; };
		BFE81A531B464F680019E457 /* Images.xcassets in Resources */ = {isa = PBXBuildFile; fileRef = BFE81A521B464F680019E457 /* Images.xcassets */; };
		BFE81A561B464F680019E457 /* LaunchScreen.xib in Resources */ = {isa = PBXBuildFile; fileRef = BFE81A541B464F680019E457 /* LaunchScreen.xib */; };
		BFE81A621B464F680019E457 /* PublicLibraryTests.swift in Sources */ = {isa = PBXBuildFile; fileRef = BFE81A611B464F680019E457 /* PublicLibraryTests.swift */; };
/* End PBXBuildFile section */

/* Begin PBXContainerItemProxy section */
		BFE81A5C1B464F680019E457 /* PBXContainerItemProxy */ = {
			isa = PBXContainerItemProxy;
			containerPortal = BFE81A3E1B464F680019E457 /* Project object */;
			proxyType = 1;
			remoteGlobalIDString = BFE81A451B464F680019E457;
			remoteInfo = PublicLibrary;
		};
/* End PBXContainerItemProxy section */

/* Begin PBXFileReference section */
		BFE81A461B464F680019E457 /* PublicLibrary.app */ = {isa = PBXFileReference; explicitFileType = wrapper.application; includeInIndex = 0; path = PublicLibrary.app; sourceTree = BUILT_PRODUCTS_DIR; };
		BFE81A4A1B464F680019E457 /* Info.plist */ = {isa = PBXFileReference; lastKnownFileType = text.plist.xml; path = Info.plist; sourceTree = "<group>"; };
		BFE81A4B1B464F680019E457 /* AppDelegate.swift */ = {isa = PBXFileReference; lastKnownFileType = sourcecode.swift; path = AppDelegate.swift; sourceTree = "<group>"; };
		BFE81A4D1B464F680019E457 /* ViewController.swift */ = {isa = PBXFileReference; lastKnownFileType = sourcecode.swift; path = ViewController.swift; sourceTree = "<group>"; };
		BFE81A501B464F680019E457 /* Base */ = {isa = PBXFileReference; lastKnownFileType = file.storyboard; name = Base; path = Base.lproj/Main.storyboard; sourceTree = "<group>"; };
		BFE81A521B464F680019E457 /* Images.xcassets */ = {isa = PBXFileReference; lastKnownFileType = folder.assetcatalog; path = Images.xcassets; sourceTree = "<group>"; };
		BFE81A551B464F680019E457 /* Base */ = {isa = PBXFileReference; lastKnownFileType = file.xib; name = Base; path = Base.lproj/LaunchScreen.xib; sourceTree = "<group>"; };
		BFE81A5B1B464F680019E457 /* PublicLibraryTests.xctest */ = {isa = PBXFileReference; explicitFileType = wrapper.cfbundle; includeInIndex = 0; path = PublicLibraryTests.xctest; sourceTree = BUILT_PRODUCTS_DIR; };
		BFE81A601B464F680019E457 /* Info.plist */ = {isa = PBXFileReference; lastKnownFileType = text.plist.xml; path = Info.plist; sourceTree = "<group>"; };
		BFE81A611B464F680019E457 /* PublicLibraryTests.swift */ = {isa = PBXFileReference; lastKnownFileType = sourcecode.swift; path = PublicLibraryTests.swift; sourceTree = "<group>"; };
/* End PBXFileReference section */

/* Begin PBXFrameworksBuildPhase section */
		BFE81A431B464F680019E457 /* Frameworks */ = {
			isa = PBXFrameworksBuildPhase;
			buildActionMask = 2147483647;
			files = (
			);
			runOnlyForDeploymentPostprocessing = 0;
		};
		BFE81A581B464F680019E457 /* Frameworks */ = {
			isa = PBXFrameworksBuildPhase;
			buildActionMask = 2147483647;
			files = (
			);
			runOnlyForDeploymentPostprocessing = 0;
		};
/* End PBXFrameworksBuildPhase section */

/* Begin PBXGroup section */
		BFE81A3D1B464F680019E457 = {
			isa = PBXGroup;
			children = (
				BFE81A481B464F680019E457 /* PublicLibrary */,
				BFE81A5E1B464F680019E457 /* PublicLibraryTests */,
				BFE81A471B464F680019E457 /* Products */,
			);
			sourceTree = "<group>";
		};
		BFE81A471B464F680019E457 /* Products */ = {
			isa = PBXGroup;
			children = (
				BFE81A461B464F680019E457 /* PublicLibrary.app */,
				BFE81A5B1B464F680019E457 /* PublicLibraryTests.xctest */,
			);
			name = Products;
			sourceTree = "<group>";
		};
		BFE81A481B464F680019E457 /* PublicLibrary */ = {
			isa = PBXGroup;
			children = (
				BFE81A4B1B464F680019E457 /* AppDelegate.swift */,
				BFE81A4D1B464F680019E457 /* ViewController.swift */,
				BFE81A4F1B464F680019E457 /* Main.storyboard */,
				BFE81A521B464F680019E457 /* Images.xcassets */,
				BFE81A541B464F680019E457 /* LaunchScreen.xib */,
				BFE81A491B464F680019E457 /* Supporting Files */,
			);
			path = PublicLibrary;
			sourceTree = "<group>";
		};
		BFE81A491B464F680019E457 /* Supporting Files */ = {
			isa = PBXGroup;
			children = (
				BFE81A4A1B464F680019E457 /* Info.plist */,
			);
			name = "Supporting Files";
			sourceTree = "<group>";
		};
		BFE81A5E1B464F680019E457 /* PublicLibraryTests */ = {
			isa = PBXGroup;
			children = (
				BFE81A611B464F680019E457 /* PublicLibraryTests.swift */,
				BFE81A5F1B464F680019E457 /* Supporting Files */,
			);
			path = PublicLibraryTests;
			sourceTree = "<group>";
		};
		BFE81A5F1B464F680019E457 /* Supporting Files */ = {
			isa = PBXGroup;
			children = (
				BFE81A601B464F680019E457 /* Info.plist */,
			);
			name = "Supporting Files";
			sourceTree = "<group>";
		};
/* End PBXGroup section */

/* Begin PBXNativeTarget section */
		BFE81A451B464F680019E457 /* PublicLibrary */ = {
			isa = PBXNativeTarget;
			buildConfigurationList = BFE81A651B464F680019E457 /* Build configuration list for PBXNativeTarget "PublicLibrary" */;
			buildPhases = (
				BFE81A421B464F680019E457 /* Sources */,
				BFE81A431B464F680019E457 /* Frameworks */,
				BFE81A441B464F680019E457 /* Resources */,
			);
			buildRules = (
			);
			dependencies = (
			);
			name = PublicLibrary;
			productName = PublicLibrary;
			productReference = BFE81A461B464F680019E457 /* PublicLibrary.app */;
			productType = "com.apple.product-type.application";
		};
		BFE81A5A1B464F680019E457 /* PublicLibraryTests */ = {
			isa = PBXNativeTarget;
			buildConfigurationList = BFE81A681B464F680019E457 /* Build configuration list for PBXNativeTarget "PublicLibraryTests" */;
			buildPhases = (
				BFE81A571B464F680019E457 /* Sources */,
				BFE81A581B464F680019E457 /* Frameworks */,
				BFE81A591B464F680019E457 /* Resources */,
			);
			buildRules = (
			);
			dependencies = (
				BFE81A5D1B464F680019E457 /* PBXTargetDependency */,
			);
			name = PublicLibraryTests;
			productName = PublicLibraryTests;
			productReference = BFE81A5B1B464F680019E457 /* PublicLibraryTests.xctest */;
			productType = "com.apple.product-type.bundle.unit-test";
		};
/* End PBXNativeTarget section */

/* Begin PBXProject section */
		BFE81A3E1B464F680019E457 /* Project object */ = {
			isa = PBXProject;
			attributes = {
				LastUpgradeCheck = 0630;
				ORGANIZATIONNAME = "Alberto Vega Gonzalez";
				TargetAttributes = {
					BFE81A451B464F680019E457 = {
						CreatedOnToolsVersion = 6.3.2;
					};
					BFE81A5A1B464F680019E457 = {
						CreatedOnToolsVersion = 6.3.2;
						TestTargetID = BFE81A451B464F680019E457;
					};
				};
			};
			buildConfigurationList = BFE81A411B464F680019E457 /* Build configuration list for PBXProject "PublicLibrary" */;
			compatibilityVersion = "Xcode 3.2";
			developmentRegion = English;
			hasScannedForEncodings = 0;
			knownRegions = (
				en,
				Base,
			);
			mainGroup = BFE81A3D1B464F680019E457;
			productRefGroup = BFE81A471B464F680019E457 /* Products */;
			projectDirPath = "";
			projectRoot = "";
			targets = (
				BFE81A451B464F680019E457 /* PublicLibrary */,
				BFE81A5A1B464F680019E457 /* PublicLibraryTests */,
			);
		};
/* End PBXProject section */

/* Begin PBXResourcesBuildPhase section */
		BFE81A441B464F680019E457 /* Resources */ = {
			isa = PBXResourcesBuildPhase;
			buildActionMask = 2147483647;
			files = (
				BFE81A511B464F680019E457 /* Main.storyboard in Resources */,
				BFE81A561B464F680019E457 /* LaunchScreen.xib in Resources */,
				BFE81A531B464F680019E457 /* Images.xcassets in Resources */,
			);
			runOnlyForDeploymentPostprocessing = 0;
		};
		BFE81A591B464F680019E457 /* Resources */ = {
			isa = PBXResourcesBuildPhase;
			buildActionMask = 2147483647;
			files = (
			);
			runOnlyForDeploymentPostprocessing = 0;
		};
/* End PBXResourcesBuildPhase section */

/* Begin PBXSourcesBuildPhase section */
		BFE81A421B464F680019E457 /* Sources */ = {
			isa = PBXSourcesBuildPhase;
			buildActionMask = 2147483647;
			files = (
				BFE81A4E1B464F680019E457 /* ViewController.swift in Sources */,
				BFE81A4C1B464F680019E457 /* AppDelegate.swift in Sources */,
			);
			runOnlyForDeploymentPostprocessing = 0;
		};
		BFE81A571B464F680019E457 /* Sources */ = {
			isa = PBXSourcesBuildPhase;
			buildActionMask = 2147483647;
			files = (
				BFE81A621B464F680019E457 /* PublicLibraryTests.swift in Sources */,
			);
			runOnlyForDeploymentPostprocessing = 0;
		};
/* End PBXSourcesBuildPhase section */

/* Begin PBXTargetDependency section */
		BFE81A5D1B464F680019E457 /* PBXTargetDependency */ = {
			isa = PBXTargetDependency;
			target = BFE81A451B464F680019E457 /* PublicLibrary */;
			targetProxy = BFE81A5C1B464F680019E457 /* PBXContainerItemProxy */;
		};
/* End PBXTargetDependency section */

/* Begin PBXVariantGroup section */
		BFE81A4F1B464F680019E457 /* Main.storyboard */ = {
			isa = PBXVariantGroup;
			children = (
				BFE81A501B464F680019E457 /* Base */,
			);
			name = Main.storyboard;
			sourceTree = "<group>";
		};
		BFE81A541B464F680019E457 /* LaunchScreen.xib */ = {
			isa = PBXVariantGroup;
			children = (
				BFE81A551B464F680019E457 /* Base */,
			);
			name = LaunchScreen.xib;
			sourceTree = "<group>";
		};
/* End PBXVariantGroup section */

/* Begin XCBuildConfiguration section */
		BFE81A631B464F680019E457 /* Debug */ = {
			isa = XCBuildConfiguration;
			buildSettings = {
				ALWAYS_SEARCH_USER_PATHS = NO;
				CLANG_CXX_LANGUAGE_STANDARD = "gnu++0x";
				CLANG_CXX_LIBRARY = "libc++";
				CLANG_ENABLE_MODULES = YES;
				CLANG_ENABLE_OBJC_ARC = YES;
				CLANG_WARN_BOOL_CONVERSION = YES;
				CLANG_WARN_CONSTANT_CONVERSION = YES;
				CLANG_WARN_DIRECT_OBJC_ISA_USAGE = YES_ERROR;
				CLANG_WARN_EMPTY_BODY = YES;
				CLANG_WARN_ENUM_CONVERSION = YES;
				CLANG_WARN_INT_CONVERSION = YES;
				CLANG_WARN_OBJC_ROOT_CLASS = YES_ERROR;
				CLANG_WARN_UNREACHABLE_CODE = YES;
				CLANG_WARN__DUPLICATE_METHOD_MATCH = YES;
				"CODE_SIGN_IDENTITY[sdk=iphoneos*]" = "iPhone Developer";
				COPY_PHASE_STRIP = NO;
				DEBUG_INFORMATION_FORMAT = "dwarf-with-dsym";
				ENABLE_STRICT_OBJC_MSGSEND = YES;
				GCC_C_LANGUAGE_STANDARD = gnu99;
				GCC_DYNAMIC_NO_PIC = NO;
				GCC_NO_COMMON_BLOCKS = YES;
				GCC_OPTIMIZATION_LEVEL = 0;
				GCC_PREPROCESSOR_DEFINITIONS = (
					"DEBUG=1",
					"$(inherited)",
				);
				GCC_SYMBOLS_PRIVATE_EXTERN = NO;
				GCC_WARN_64_TO_32_BIT_CONVERSION = YES;
				GCC_WARN_ABOUT_RETURN_TYPE = YES_ERROR;
				GCC_WARN_UNDECLARED_SELECTOR = YES;
				GCC_WARN_UNINITIALIZED_AUTOS = YES_AGGRESSIVE;
				GCC_WARN_UNUSED_FUNCTION = YES;
				GCC_WARN_UNUSED_VARIABLE = YES;
				IPHONEOS_DEPLOYMENT_TARGET = 8.3;
				MTL_ENABLE_DEBUG_INFO = YES;
				ONLY_ACTIVE_ARCH = YES;
				SDKROOT = iphoneos;
				SWIFT_OPTIMIZATION_LEVEL = "-Onone";
			};
			name = Debug;
		};
		BFE81A641B464F680019E457 /* Release */ = {
			isa = XCBuildConfiguration;
			buildSettings = {
				ALWAYS_SEARCH_USER_PATHS = NO;
				CLANG_CXX_LANGUAGE_STANDARD = "gnu++0x";
				CLANG_CXX_LIBRARY = "libc++";
				CLANG_ENABLE_MODULES = YES;
				CLANG_ENABLE_OBJC_ARC = YES;
				CLANG_WARN_BOOL_CONVERSION = YES;
				CLANG_WARN_CONSTANT_CONVERSION = YES;
				CLANG_WARN_DIRECT_OBJC_ISA_USAGE = YES_ERROR;
				CLANG_WARN_EMPTY_BODY = YES;
				CLANG_WARN_ENUM_CONVERSION = YES;
				CLANG_WARN_INT_CONVERSION = YES;
				CLANG_WARN_OBJC_ROOT_CLASS = YES_ERROR;
				CLANG_WARN_UNREACHABLE_CODE = YES;
				CLANG_WARN__DUPLICATE_METHOD_MATCH = YES;
				"CODE_SIGN_IDENTITY[sdk=iphoneos*]" = "iPhone Developer";
				COPY_PHASE_STRIP = NO;
				DEBUG_INFORMATION_FORMAT = "dwarf-with-dsym";
				ENABLE_NS_ASSERTIONS = NO;
				ENABLE_STRICT_OBJC_MSGSEND = YES;
				GCC_C_LANGUAGE_STANDARD = gnu99;
				GCC_NO_COMMON_BLOCKS = YES;
				GCC_WARN_64_TO_32_BIT_CONVERSION = YES;
				GCC_WARN_ABOUT_RETURN_TYPE = YES_ERROR;
				GCC_WARN_UNDECLARED_SELECTOR = YES;
				GCC_WARN_UNINITIALIZED_AUTOS = YES_AGGRESSIVE;
				GCC_WARN_UNUSED_FUNCTION = YES;
				GCC_WARN_UNUSED_VARIABLE = YES;
				IPHONEOS_DEPLOYMENT_TARGET = 8.3;
				MTL_ENABLE_DEBUG_INFO = NO;
				SDKROOT = iphoneos;
				VALIDATE_PRODUCT = YES;
			};
			name = Release;
		};
		BFE81A661B464F680019E457 /* Debug */ = {
			isa = XCBuildConfiguration;
			buildSettings = {
				ASSETCATALOG_COMPILER_APPICON_NAME = AppIcon;
				INFOPLIST_FILE = PublicLibrary/Info.plist;
				LD_RUNPATH_SEARCH_PATHS = "$(inherited) @executable_path/Frameworks";
				PRODUCT_NAME = "$(TARGET_NAME)";
			};
			name = Debug;
		};
		BFE81A671B464F680019E457 /* Release */ = {
			isa = XCBuildConfiguration;
			buildSettings = {
				ASSETCATALOG_COMPILER_APPICON_NAME = AppIcon;
				INFOPLIST_FILE = PublicLibrary/Info.plist;
				LD_RUNPATH_SEARCH_PATHS = "$(inherited) @executable_path/Frameworks";
				PRODUCT_NAME = "$(TARGET_NAME)";
			};
			name = Release;
		};
		BFE81A691B464F680019E457 /* Debug */ = {
			isa = XCBuildConfiguration;
			buildSettings = {
				BUNDLE_LOADER = "$(TEST_HOST)";
				FRAMEWORK_SEARCH_PATHS = (
					"$(SDKROOT)/Developer/Library/Frameworks",
					"$(inherited)",
				);
				GCC_PREPROCESSOR_DEFINITIONS = (
					"DEBUG=1",
					"$(inherited)",
				);
				INFOPLIST_FILE = PublicLibraryTests/Info.plist;
				LD_RUNPATH_SEARCH_PATHS = "$(inherited) @executable_path/Frameworks @loader_path/Frameworks";
				PRODUCT_NAME = "$(TARGET_NAME)";
				TEST_HOST = "$(BUILT_PRODUCTS_DIR)/PublicLibrary.app/PublicLibrary";
			};
			name = Debug;
		};
		BFE81A6A1B464F680019E457 /* Release */ = {
			isa = XCBuildConfiguration;
			buildSettings = {
				BUNDLE_LOADER = "$(TEST_HOST)";
				FRAMEWORK_SEARCH_PATHS = (
					"$(SDKROOT)/Developer/Library/Frameworks",
					"$(inherited)",
				);
				INFOPLIST_FILE = PublicLibraryTests/Info.plist;
				LD_RUNPATH_SEARCH_PATHS = "$(inherited) @executable_path/Frameworks @loader_path/Frameworks";
				PRODUCT_NAME = "$(TARGET_NAME)";
				TEST_HOST = "$(BUILT_PRODUCTS_DIR)/PublicLibrary.app/PublicLibrary";
			};
			name = Release;
		};
/* End XCBuildConfiguration section */

/* Begin XCConfigurationList section */
		BFE81A411B464F680019E457 /* Build configuration list for PBXProject "PublicLibrary" */ = {
			isa = XCConfigurationList;
			buildConfigurations = (
				BFE81A631B464F680019E457 /* Debug */,
				BFE81A641B464F680019E457 /* Release */,
			);
			defaultConfigurationIsVisible = 0;
			defaultConfigurationName = Release;
		};
		BFE81A651B464F680019E457 /* Build configuration list for PBXNativeTarget "PublicLibrary" */ = {
			isa = XCConfigurationList;
			buildConfigurations = (
				BFE81A661B464F680019E457 /* Debug */,
				BFE81A671B464F680019E457 /* Release */,
			);
			defaultConfigurationIsVisible = 0;
		};
		BFE81A681B464F680019E457 /* Build configuration list for PBXNativeTarget "PublicLibraryTests" */ = {
			isa = XCConfigurationList;
			buildConfigurations = (
				BFE81A691B464F680019E457 /* Debug */,
				BFE81A6A1B464F680019E457 /* Release */,
			);
			defaultConfigurationIsVisible = 0;
		};
/* End XCConfigurationList section */
	};
	rootObject = BFE81A3E1B464F680019E457 /* Project object */;
}
